
Microsoft Visual Studio Solution File, Format Version 12.00
Project("{FAE04EC0-301F-11D3-BF4B-00C04F79EFBC}") = "lr5_np_problem2", "lr5_np_problem2.csproj", "{D68D80ED-73D8-48DD-8B12-AA0471618FF4}"
EndProject
Global
	GlobalSection(SolutionConfigurationPlatforms) = preSolution
		Debug|Any CPU = Debug|Any CPU
		Release|Any CPU = Release|Any CPU
	EndGlobalSection
	GlobalSection(ProjectConfigurationPlatforms) = postSolution
		{D68D80ED-73D8-48DD-8B12-AA0471618FF4}.Debug|Any CPU.ActiveCfg = Debug|Any CPU
		{D68D80ED-73D8-48DD-8B12-AA0471618FF4}.Debug|Any CPU.Build.0 = Debug|Any CPU
		{D68D80ED-73D8-48DD-8B12-AA0471618FF4}.Release|Any CPU.ActiveCfg = Release|Any CPU
		{D68D80ED-73D8-48DD-8B12-AA0471618FF4}.Release|Any CPU.Build.0 = Release|Any CPU
	EndGlobalSection
EndGlobal
